
Microsoft Visual Studio Solution File, Format Version 12.00
# Visual Studio 14
VisualStudioVersion = 14.0.25420.1
MinimumVisualStudioVersion = 10.0.40219.1
Project("{FAE04EC0-301F-11D3-BF4B-00C04F79EFBC}") = "provaXNAGame", "provaXNAGame\provaXNAGame\provaXNAGame.csproj", "{A785A749-0E8E-42A2-80CC-9EDCC90D0B36}"
EndProject
Project("{FAE04EC0-301F-11D3-BF4B-00C04F79EFBC}") = "provaXNAGameContent", "provaXNAGame\provaXNAGameContent\provaXNAGameContent.contentproj", "{9896C8B6-78E3-485B-A0FA-539157DDEB49}"
EndProject
Global
	GlobalSection(SolutionConfigurationPlatforms) = preSolution
		Debug|Any CPU = Debug|Any CPU
		Debug|x86 = Debug|x86
		Release|Any CPU = Release|Any CPU
		Release|x86 = Release|x86
	EndGlobalSection
	GlobalSection(ProjectConfigurationPlatforms) = postSolution
		{A785A749-0E8E-42A2-80CC-9EDCC90D0B36}.Debug|Any CPU.ActiveCfg = Debug|x86
		{A785A749-0E8E-42A2-80CC-9EDCC90D0B36}.Debug|x86.ActiveCfg = Debug|x86
		{A785A749-0E8E-42A2-80CC-9EDCC90D0B36}.Debug|x86.Build.0 = Debug|x86
		{A785A749-0E8E-42A2-80CC-9EDCC90D0B36}.Release|Any CPU.ActiveCfg = Release|x86
		{A785A749-0E8E-42A2-80CC-9EDCC90D0B36}.Release|x86.ActiveCfg = Release|x86
		{A785A749-0E8E-42A2-80CC-9EDCC90D0B36}.Release|x86.Build.0 = Release|x86
		{9896C8B6-78E3-485B-A0FA-539157DDEB49}.Debug|Any CPU.ActiveCfg = Debug|x86
		{9896C8B6-78E3-485B-A0FA-539157DDEB49}.Debug|x86.ActiveCfg = Debug|x86
		{9896C8B6-78E3-485B-A0FA-539157DDEB49}.Release|Any CPU.ActiveCfg = Release|x86
		{9896C8B6-78E3-485B-A0FA-539157DDEB49}.Release|x86.ActiveCfg = Release|x86
	EndGlobalSection
	GlobalSection(SolutionProperties) = preSolution
		HideSolutionNode = FALSE
	EndGlobalSection
EndGlobal
